
Microsoft Visual Studio Solution File, Format Version 12.00
# Visual Studio Version 16
VisualStudioVersion = 16.0.29201.188
MinimumVisualStudioVersion = 10.0.40219.1
Project("{FAE04EC0-301F-11D3-BF4B-00C04F79EFBC}") = "Kursovaya", "Kursovaya\Kursovaya.csproj", "{9EBACE79-BD91-44A6-9060-2C5501A9B767}"
EndProject
Global
	GlobalSection(SolutionConfigurationPlatforms) = preSolution
		Debug|Any CPU = Debug|Any CPU
		Release|Any CPU = Release|Any CPU
	EndGlobalSection
	GlobalSection(ProjectConfigurationPlatforms) = postSolution
		{9EBACE79-BD91-44A6-9060-2C5501A9B767}.Debug|Any CPU.ActiveCfg = Debug|Any CPU
		{9EBACE79-BD91-44A6-9060-2C5501A9B767}.Debug|Any CPU.Build.0 = Debug|Any CPU
		{9EBACE79-BD91-44A6-9060-2C5501A9B767}.Release|Any CPU.ActiveCfg = Release|Any CPU
		{9EBACE79-BD91-44A6-9060-2C5501A9B767}.Release|Any CPU.Build.0 = Release|Any CPU
	EndGlobalSection
	GlobalSection(SolutionProperties) = preSolution
		HideSolutionNode = FALSE
	EndGlobalSection
	GlobalSection(ExtensibilityGlobals) = postSolution
		SolutionGuid = {C7E25B95-7EDA-4DB5-832A-4F27EDCE9AC6}
	EndGlobalSection
EndGlobal
